// !$*UTF8*$!
{
	archiveVersion = 1;
	classes = {
	};
	objectVersion = 48;
	objects = {

/* Begin PBXBuildFile section */
		28151F271F79159200E23CAF /* JSONParser.swift in Sources */ = {isa = PBXBuildFile; fileRef = 28EE87BA1F7300E700CCCB84 /* JSONParser.swift */; };
		28151F2A1F791A1F00E23CAF /* DownloadAllShopsInteractor.swift in Sources */ = {isa = PBXBuildFile; fileRef = 28151F291F791A1F00E23CAF /* DownloadAllShopsInteractor.swift */; };
		28151F2C1F791A3A00E23CAF /* DownloadAllActivitiesInteractor.swift in Sources */ = {isa = PBXBuildFile; fileRef = 28151F2B1F791A3A00E23CAF /* DownloadAllActivitiesInteractor.swift */; };
		28151F2E1F791A8400E23CAF /* Typealias.swift in Sources */ = {isa = PBXBuildFile; fileRef = 28151F2D1F791A8400E23CAF /* Typealias.swift */; };
		28151F301F791E2C00E23CAF /* DownloadAllShopsInteractorNSURLSessionImpl.swift in Sources */ = {isa = PBXBuildFile; fileRef = 28151F2F1F791E2C00E23CAF /* DownloadAllShopsInteractorNSURLSessionImpl.swift */; };
		28151F321F791E5700E23CAF /* DownloadAllActivitiesInteractorNSURLSessionImpl.swift in Sources */ = {isa = PBXBuildFile; fileRef = 28151F311F791E5700E23CAF /* DownloadAllActivitiesInteractorNSURLSessionImpl.swift */; };
		28769C141F73D55300D472C4 /* MapAndActivitiesViewController+CollectionViewController.swift in Sources */ = {isa = PBXBuildFile; fileRef = 28769C131F73D55300D472C4 /* MapAndActivitiesViewController+CollectionViewController.swift */; };
		28B481DB1F79A2F500A0B0D8 /* MapShops.swift in Sources */ = {isa = PBXBuildFile; fileRef = 28EE87B91F7300D900CCCB84 /* MapShops.swift */; };
		28B632E41F71552D00F35212 /* AppDelegate.swift in Sources */ = {isa = PBXBuildFile; fileRef = 28B632E31F71552D00F35212 /* AppDelegate.swift */; };
		28B632E61F71552D00F35212 /* MapAndActivitiesViewController.swift in Sources */ = {isa = PBXBuildFile; fileRef = 28B632E51F71552D00F35212 /* MapAndActivitiesViewController.swift */; };
		28B632E91F71552D00F35212 /* Main.storyboard in Resources */ = {isa = PBXBuildFile; fileRef = 28B632E71F71552D00F35212 /* Main.storyboard */; };
		28B632EB1F71552D00F35212 /* Assets.xcassets in Resources */ = {isa = PBXBuildFile; fileRef = 28B632EA1F71552D00F35212 /* Assets.xcassets */; };
		28B632EE1F71552D00F35212 /* LaunchScreen.storyboard in Resources */ = {isa = PBXBuildFile; fileRef = 28B632EC1F71552D00F35212 /* LaunchScreen.storyboard */; };
		28B632F91F71552D00F35212 /* MadridActivitiesTests.swift in Sources */ = {isa = PBXBuildFile; fileRef = 28B632F81F71552D00F35212 /* MadridActivitiesTests.swift */; };
		28B633051F71555000F35212 /* CoreData.framework in Frameworks */ = {isa = PBXBuildFile; fileRef = 28B633041F71554F00F35212 /* CoreData.framework */; };
		28B6330A1F715E1000F35212 /* MapKit.framework in Frameworks */ = {isa = PBXBuildFile; fileRef = 28B633091F715E1000F35212 /* MapKit.framework */; };
		28EE87A31F72C83900CCCB84 /* 101-bank.png in Resources */ = {isa = PBXBuildFile; fileRef = 28EE87A21F72C53600CCCB84 /* 101-bank.png */; };
		28EE87A41F72C83C00CCCB84 /* 101-dumbbell.png in Resources */ = {isa = PBXBuildFile; fileRef = 28EE87A11F72C53600CCCB84 /* 101-dumbbell.png */; };
		28EE87A61F72CA8400CCCB84 /* MapAndShopsViewController.swift in Sources */ = {isa = PBXBuildFile; fileRef = 28EE87A51F72CA8400CCCB84 /* MapAndShopsViewController.swift */; };
		28EE87A81F72EA1B00CCCB84 /* ShopCollectionViewCell.swift in Sources */ = {isa = PBXBuildFile; fileRef = 28EE87A71F72EA1B00CCCB84 /* ShopCollectionViewCell.swift */; };
		28EE87AA1F72EDDF00CCCB84 /* ActivityCollectionViewCell.swift in Sources */ = {isa = PBXBuildFile; fileRef = 28EE87A91F72EDDE00CCCB84 /* ActivityCollectionViewCell.swift */; };
		28EE87AD1F72F13E00CCCB84 /* String+Image.swift in Sources */ = {isa = PBXBuildFile; fileRef = 28EE87AC1F72F13E00CCCB84 /* String+Image.swift */; };
		28EE87AF1F72F50D00CCCB84 /* CoreDataStack.swift in Sources */ = {isa = PBXBuildFile; fileRef = 28EE87AE1F72F50D00CCCB84 /* CoreDataStack.swift */; };
		28EE87B11F72F60600CCCB84 /* Activity.swift in Sources */ = {isa = PBXBuildFile; fileRef = 28EE87B01F72F60600CCCB84 /* Activity.swift */; };
		28EE87B31F72F76D00CCCB84 /* Shop.swift in Sources */ = {isa = PBXBuildFile; fileRef = 28EE87B21F72F76C00CCCB84 /* Shop.swift */; };
		28EE87B61F72FA7F00CCCB84 /* MadridShopsActivities.xcdatamodeld in Sources */ = {isa = PBXBuildFile; fileRef = 28EE87B41F72FA7E00CCCB84 /* MadridShopsActivities.xcdatamodeld */; };
		28EE87BC1F73031000CCCB84 /* Shops.swift in Sources */ = {isa = PBXBuildFile; fileRef = 28EE87BB1F73030D00CCCB84 /* Shops.swift */; };
		28EE87BE1F7309DD00CCCB84 /* Activities.swift in Sources */ = {isa = PBXBuildFile; fileRef = 28EE87BD1F7309DC00CCCB84 /* Activities.swift */; };
		28F03F381F7A5917004867E8 /* MapAndShopsViewController+CollectionViewController.swift in Sources */ = {isa = PBXBuildFile; fileRef = 28F03F371F7A5917004867E8 /* MapAndShopsViewController+CollectionViewController.swift */; };
		28F03F401F7A5AC2004867E8 /* SetExecutedOnceInteractor.swift in Sources */ = {isa = PBXBuildFile; fileRef = 28F03F3C1F7A5AC1004867E8 /* SetExecutedOnceInteractor.swift */; };
		28F03F411F7A5AC2004867E8 /* SetExecutedOnceInteractorImpl.swift in Sources */ = {isa = PBXBuildFile; fileRef = 28F03F3D1F7A5AC1004867E8 /* SetExecutedOnceInteractorImpl.swift */; };
		28F03F421F7A5AC2004867E8 /* ExecuteOnceInteractorImpl.swift in Sources */ = {isa = PBXBuildFile; fileRef = 28F03F3E1F7A5AC1004867E8 /* ExecuteOnceInteractorImpl.swift */; };
		28F03F431F7A5AC2004867E8 /* ExecuteOnceInteractor.swift in Sources */ = {isa = PBXBuildFile; fileRef = 28F03F3F1F7A5AC2004867E8 /* ExecuteOnceInteractor.swift */; };
		28F03F441F7A5B3A004867E8 /* SaveAllShopsInteractorImpl.swift in Sources */ = {isa = PBXBuildFile; fileRef = 28F03F3B1F7A5AA3004867E8 /* SaveAllShopsInteractorImpl.swift */; };
		28F03F451F7A5B40004867E8 /* SaveAllShopsInteractor.swift in Sources */ = {isa = PBXBuildFile; fileRef = 28F03F3A1F7A5A93004867E8 /* SaveAllShopsInteractor.swift */; };
		28F03F471F7A677E004867E8 /* ShopDetailViewController.swift in Sources */ = {isa = PBXBuildFile; fileRef = 28F03F461F7A677E004867E8 /* ShopDetailViewController.swift */; };
		28F03F491F7A8951004867E8 /* Note.swift in Sources */ = {isa = PBXBuildFile; fileRef = 28F03F481F7A8951004867E8 /* Note.swift */; };
/* End PBXBuildFile section */

/* Begin PBXContainerItemProxy section */
		28B632F51F71552D00F35212 /* PBXContainerItemProxy */ = {
			isa = PBXContainerItemProxy;
			containerPortal = 28B632D81F71552D00F35212 /* Project object */;
			proxyType = 1;
			remoteGlobalIDString = 28B632DF1F71552D00F35212;
			remoteInfo = MadridActivities;
		};
/* End PBXContainerItemProxy section */

/* Begin PBXFileReference section */
		28151F291F791A1F00E23CAF /* DownloadAllShopsInteractor.swift */ = {isa = PBXFileReference; lastKnownFileType = sourcecode.swift; path = DownloadAllShopsInteractor.swift; sourceTree = "<group>"; };
		28151F2B1F791A3A00E23CAF /* DownloadAllActivitiesInteractor.swift */ = {isa = PBXFileReference; lastKnownFileType = sourcecode.swift; path = DownloadAllActivitiesInteractor.swift; sourceTree = "<group>"; };
		28151F2D1F791A8400E23CAF /* Typealias.swift */ = {isa = PBXFileReference; lastKnownFileType = sourcecode.swift; path = Typealias.swift; sourceTree = "<group>"; };
		28151F2F1F791E2C00E23CAF /* DownloadAllShopsInteractorNSURLSessionImpl.swift */ = {isa = PBXFileReference; lastKnownFileType = sourcecode.swift; path = DownloadAllShopsInteractorNSURLSessionImpl.swift; sourceTree = "<group>"; };
		28151F311F791E5700E23CAF /* DownloadAllActivitiesInteractorNSURLSessionImpl.swift */ = {isa = PBXFileReference; lastKnownFileType = sourcecode.swift; path = DownloadAllActivitiesInteractorNSURLSessionImpl.swift; sourceTree = "<group>"; };
		28769C131F73D55300D472C4 /* MapAndActivitiesViewController+CollectionViewController.swift */ = {isa = PBXFileReference; lastKnownFileType = sourcecode.swift; path = "MapAndActivitiesViewController+CollectionViewController.swift"; sourceTree = "<group>"; };
		28B632E01F71552D00F35212 /* MadridActivities.app */ = {isa = PBXFileReference; explicitFileType = wrapper.application; includeInIndex = 0; path = MadridActivities.app; sourceTree = BUILT_PRODUCTS_DIR; };
		28B632E31F71552D00F35212 /* AppDelegate.swift */ = {isa = PBXFileReference; lastKnownFileType = sourcecode.swift; path = AppDelegate.swift; sourceTree = "<group>"; };
		28B632E51F71552D00F35212 /* MapAndActivitiesViewController.swift */ = {isa = PBXFileReference; lastKnownFileType = sourcecode.swift; path = MapAndActivitiesViewController.swift; sourceTree = "<group>"; };
		28B632E81F71552D00F35212 /* Base */ = {isa = PBXFileReference; lastKnownFileType = file.storyboard; name = Base; path = Base.lproj/Main.storyboard; sourceTree = "<group>"; };
		28B632EA1F71552D00F35212 /* Assets.xcassets */ = {isa = PBXFileReference; lastKnownFileType = folder.assetcatalog; path = Assets.xcassets; sourceTree = "<group>"; };
		28B632ED1F71552D00F35212 /* Base */ = {isa = PBXFileReference; lastKnownFileType = file.storyboard; name = Base; path = Base.lproj/LaunchScreen.storyboard; sourceTree = "<group>"; };
		28B632EF1F71552D00F35212 /* Info.plist */ = {isa = PBXFileReference; lastKnownFileType = text.plist.xml; path = Info.plist; sourceTree = "<group>"; };
		28B632F41F71552D00F35212 /* MadridActivitiesTests.xctest */ = {isa = PBXFileReference; explicitFileType = wrapper.cfbundle; includeInIndex = 0; path = MadridActivitiesTests.xctest; sourceTree = BUILT_PRODUCTS_DIR; };
		28B632F81F71552D00F35212 /* MadridActivitiesTests.swift */ = {isa = PBXFileReference; lastKnownFileType = sourcecode.swift; path = MadridActivitiesTests.swift; sourceTree = "<group>"; };
		28B632FA1F71552D00F35212 /* Info.plist */ = {isa = PBXFileReference; lastKnownFileType = text.plist.xml; path = Info.plist; sourceTree = "<group>"; };
		28B633041F71554F00F35212 /* CoreData.framework */ = {isa = PBXFileReference; lastKnownFileType = wrapper.framework; name = CoreData.framework; path = System/Library/Frameworks/CoreData.framework; sourceTree = SDKROOT; };
		28B633091F715E1000F35212 /* MapKit.framework */ = {isa = PBXFileReference; lastKnownFileType = wrapper.framework; name = MapKit.framework; path = System/Library/Frameworks/MapKit.framework; sourceTree = SDKROOT; };
		28EE87A11F72C53600CCCB84 /* 101-dumbbell.png */ = {isa = PBXFileReference; lastKnownFileType = image.png; path = "101-dumbbell.png"; sourceTree = "<group>"; };
		28EE87A21F72C53600CCCB84 /* 101-bank.png */ = {isa = PBXFileReference; lastKnownFileType = image.png; path = "101-bank.png"; sourceTree = "<group>"; };
		28EE87A51F72CA8400CCCB84 /* MapAndShopsViewController.swift */ = {isa = PBXFileReference; lastKnownFileType = sourcecode.swift; path = MapAndShopsViewController.swift; sourceTree = "<group>"; };
		28EE87A71F72EA1B00CCCB84 /* ShopCollectionViewCell.swift */ = {isa = PBXFileReference; lastKnownFileType = sourcecode.swift; path = ShopCollectionViewCell.swift; sourceTree = "<group>"; };
		28EE87A91F72EDDE00CCCB84 /* ActivityCollectionViewCell.swift */ = {isa = PBXFileReference; lastKnownFileType = sourcecode.swift; path = ActivityCollectionViewCell.swift; sourceTree = "<group>"; };
		28EE87AC1F72F13E00CCCB84 /* String+Image.swift */ = {isa = PBXFileReference; lastKnownFileType = sourcecode.swift; path = "String+Image.swift"; sourceTree = "<group>"; };
		28EE87AE1F72F50D00CCCB84 /* CoreDataStack.swift */ = {isa = PBXFileReference; lastKnownFileType = sourcecode.swift; path = CoreDataStack.swift; sourceTree = "<group>"; };
		28EE87B01F72F60600CCCB84 /* Activity.swift */ = {isa = PBXFileReference; lastKnownFileType = sourcecode.swift; path = Activity.swift; sourceTree = "<group>"; };
		28EE87B21F72F76C00CCCB84 /* Shop.swift */ = {isa = PBXFileReference; lastKnownFileType = sourcecode.swift; path = Shop.swift; sourceTree = "<group>"; };
		28EE87B51F72FA7F00CCCB84 /* MadridShopsActivities.xcdatamodel */ = {isa = PBXFileReference; lastKnownFileType = wrapper.xcdatamodel; path = MadridShopsActivities.xcdatamodel; sourceTree = "<group>"; };
		28EE87B91F7300D900CCCB84 /* MapShops.swift */ = {isa = PBXFileReference; lastKnownFileType = sourcecode.swift; path = MapShops.swift; sourceTree = "<group>"; };
		28EE87BA1F7300E700CCCB84 /* JSONParser.swift */ = {isa = PBXFileReference; lastKnownFileType = sourcecode.swift; path = JSONParser.swift; sourceTree = "<group>"; };
		28EE87BB1F73030D00CCCB84 /* Shops.swift */ = {isa = PBXFileReference; lastKnownFileType = sourcecode.swift; path = Shops.swift; sourceTree = "<group>"; };
		28EE87BD1F7309DC00CCCB84 /* Activities.swift */ = {isa = PBXFileReference; lastKnownFileType = sourcecode.swift; path = Activities.swift; sourceTree = "<group>"; };
		28F03F371F7A5917004867E8 /* MapAndShopsViewController+CollectionViewController.swift */ = {isa = PBXFileReference; lastKnownFileType = sourcecode.swift; path = "MapAndShopsViewController+CollectionViewController.swift"; sourceTree = "<group>"; };
		28F03F3A1F7A5A93004867E8 /* SaveAllShopsInteractor.swift */ = {isa = PBXFileReference; lastKnownFileType = sourcecode.swift; path = SaveAllShopsInteractor.swift; sourceTree = "<group>"; };
		28F03F3B1F7A5AA3004867E8 /* SaveAllShopsInteractorImpl.swift */ = {isa = PBXFileReference; lastKnownFileType = sourcecode.swift; path = SaveAllShopsInteractorImpl.swift; sourceTree = "<group>"; };
		28F03F3C1F7A5AC1004867E8 /* SetExecutedOnceInteractor.swift */ = {isa = PBXFileReference; lastKnownFileType = sourcecode.swift; path = SetExecutedOnceInteractor.swift; sourceTree = "<group>"; };
		28F03F3D1F7A5AC1004867E8 /* SetExecutedOnceInteractorImpl.swift */ = {isa = PBXFileReference; lastKnownFileType = sourcecode.swift; path = SetExecutedOnceInteractorImpl.swift; sourceTree = "<group>"; };
		28F03F3E1F7A5AC1004867E8 /* ExecuteOnceInteractorImpl.swift */ = {isa = PBXFileReference; lastKnownFileType = sourcecode.swift; path = ExecuteOnceInteractorImpl.swift; sourceTree = "<group>"; };
		28F03F3F1F7A5AC2004867E8 /* ExecuteOnceInteractor.swift */ = {isa = PBXFileReference; lastKnownFileType = sourcecode.swift; path = ExecuteOnceInteractor.swift; sourceTree = "<group>"; };
		28F03F461F7A677E004867E8 /* ShopDetailViewController.swift */ = {isa = PBXFileReference; lastKnownFileType = sourcecode.swift; path = ShopDetailViewController.swift; sourceTree = "<group>"; };
		28F03F481F7A8951004867E8 /* Note.swift */ = {isa = PBXFileReference; lastKnownFileType = sourcecode.swift; path = Note.swift; sourceTree = "<group>"; };
/* End PBXFileReference section */

/* Begin PBXFrameworksBuildPhase section */
		28B632DD1F71552D00F35212 /* Frameworks */ = {
			isa = PBXFrameworksBuildPhase;
			buildActionMask = 2147483647;
			files = (
				28B6330A1F715E1000F35212 /* MapKit.framework in Frameworks */,
				28B633051F71555000F35212 /* CoreData.framework in Frameworks */,
			);
			runOnlyForDeploymentPostprocessing = 0;
		};
		28B632F11F71552D00F35212 /* Frameworks */ = {
			isa = PBXFrameworksBuildPhase;
			buildActionMask = 2147483647;
			files = (
			);
			runOnlyForDeploymentPostprocessing = 0;
		};
/* End PBXFrameworksBuildPhase section */

/* Begin PBXGroup section */
		28151F281F7919F000E23CAF /* Interactors */ = {
			isa = PBXGroup;
			children = (
				28F03F391F7A5A4E004867E8 /* CacheInteractors */,
				28151F291F791A1F00E23CAF /* DownloadAllShopsInteractor.swift */,
				28151F2B1F791A3A00E23CAF /* DownloadAllActivitiesInteractor.swift */,
				28151F2F1F791E2C00E23CAF /* DownloadAllShopsInteractorNSURLSessionImpl.swift */,
				28151F311F791E5700E23CAF /* DownloadAllActivitiesInteractorNSURLSessionImpl.swift */,
				28F03F3F1F7A5AC2004867E8 /* ExecuteOnceInteractor.swift */,
				28F03F3E1F7A5AC1004867E8 /* ExecuteOnceInteractorImpl.swift */,
				28F03F3C1F7A5AC1004867E8 /* SetExecutedOnceInteractor.swift */,
				28F03F3D1F7A5AC1004867E8 /* SetExecutedOnceInteractorImpl.swift */,
			);
			path = Interactors;
			sourceTree = "<group>";
		};
		28B632D71F71552D00F35212 = {
			isa = PBXGroup;
			children = (
				28B632E21F71552D00F35212 /* MadridActivities */,
				28B632F71F71552D00F35212 /* MadridActivitiesTests */,
				28B632E11F71552D00F35212 /* Products */,
				28B633031F71554F00F35212 /* Frameworks */,
			);
			sourceTree = "<group>";
		};
		28B632E11F71552D00F35212 /* Products */ = {
			isa = PBXGroup;
			children = (
				28B632E01F71552D00F35212 /* MadridActivities.app */,
				28B632F41F71552D00F35212 /* MadridActivitiesTests.xctest */,
			);
			name = Products;
			sourceTree = "<group>";
		};
		28B632E21F71552D00F35212 /* MadridActivities */ = {
			isa = PBXGroup;
			children = (
				28B632E31F71552D00F35212 /* AppDelegate.swift */,
				28B633061F715C2100F35212 /* Models */,
				28B633071F715C3D00F35212 /* Controllers */,
				28B633081F715C4300F35212 /* Views */,
				28EE87AB1F72F13000CCCB84 /* Utils */,
				28B632EA1F71552D00F35212 /* Assets.xcassets */,
				28B632EF1F71552D00F35212 /* Info.plist */,
				28EE879A1F72C1C700CCCB84 /* Resources */,
			);
			path = MadridActivities;
			sourceTree = "<group>";
		};
		28B632F71F71552D00F35212 /* MadridActivitiesTests */ = {
			isa = PBXGroup;
			children = (
				28B632F81F71552D00F35212 /* MadridActivitiesTests.swift */,
				28B632FA1F71552D00F35212 /* Info.plist */,
			);
			path = MadridActivitiesTests;
			sourceTree = "<group>";
		};
		28B633031F71554F00F35212 /* Frameworks */ = {
			isa = PBXGroup;
			children = (
				28B633091F715E1000F35212 /* MapKit.framework */,
				28B633041F71554F00F35212 /* CoreData.framework */,
			);
			name = Frameworks;
			sourceTree = "<group>";
		};
		28B633061F715C2100F35212 /* Models */ = {
			isa = PBXGroup;
			children = (
				28151F281F7919F000E23CAF /* Interactors */,
				28EE87B81F7300B500CCCB84 /* JSonParser */,
				28EE87B71F7300AC00CCCB84 /* Mappers */,
				28EE87B01F72F60600CCCB84 /* Activity.swift */,
				28EE87BD1F7309DC00CCCB84 /* Activities.swift */,
				28EE87B21F72F76C00CCCB84 /* Shop.swift */,
				28EE87BB1F73030D00CCCB84 /* Shops.swift */,
				28EE87B41F72FA7E00CCCB84 /* MadridShopsActivities.xcdatamodeld */,
			);
			path = Models;
			sourceTree = "<group>";
		};
		28B633071F715C3D00F35212 /* Controllers */ = {
			isa = PBXGroup;
			children = (
				28B632E51F71552D00F35212 /* MapAndActivitiesViewController.swift */,
				28EE87A51F72CA8400CCCB84 /* MapAndShopsViewController.swift */,
				28769C131F73D55300D472C4 /* MapAndActivitiesViewController+CollectionViewController.swift */,
				28F03F371F7A5917004867E8 /* MapAndShopsViewController+CollectionViewController.swift */,
				28F03F461F7A677E004867E8 /* ShopDetailViewController.swift */,
			);
			path = Controllers;
			sourceTree = "<group>";
		};
		28B633081F715C4300F35212 /* Views */ = {
			isa = PBXGroup;
			children = (
				28B632E71F71552D00F35212 /* Main.storyboard */,
				28B632EC1F71552D00F35212 /* LaunchScreen.storyboard */,
				28EE87A71F72EA1B00CCCB84 /* ShopCollectionViewCell.swift */,
				28EE87A91F72EDDE00CCCB84 /* ActivityCollectionViewCell.swift */,
				28F03F481F7A8951004867E8 /* Note.swift */,
			);
			path = Views;
			sourceTree = "<group>";
		};
		28EE879A1F72C1C700CCCB84 /* Resources */ = {
			isa = PBXGroup;
			children = (
				28EE87A21F72C53600CCCB84 /* 101-bank.png */,
				28EE87A11F72C53600CCCB84 /* 101-dumbbell.png */,
			);
			path = Resources;
			sourceTree = "<group>";
		};
		28EE87AB1F72F13000CCCB84 /* Utils */ = {
			isa = PBXGroup;
			children = (
				28EE87AC1F72F13E00CCCB84 /* String+Image.swift */,
				28151F2D1F791A8400E23CAF /* Typealias.swift */,
				28EE87AE1F72F50D00CCCB84 /* CoreDataStack.swift */,
			);
			path = Utils;
			sourceTree = "<group>";
		};
		28EE87B71F7300AC00CCCB84 /* Mappers */ = {
			isa = PBXGroup;
			children = (
				28EE87B91F7300D900CCCB84 /* MapShops.swift */,
			);
			path = Mappers;
			sourceTree = "<group>";
		};
		28EE87B81F7300B500CCCB84 /* JSonParser */ = {
			isa = PBXGroup;
			children = (
				28EE87BA1F7300E700CCCB84 /* JSONParser.swift */,
			);
			path = JSonParser;
			sourceTree = "<group>";
		};
		28F03F391F7A5A4E004867E8 /* CacheInteractors */ = {
			isa = PBXGroup;
			children = (
				28F03F3A1F7A5A93004867E8 /* SaveAllShopsInteractor.swift */,
				28F03F3B1F7A5AA3004867E8 /* SaveAllShopsInteractorImpl.swift */,
			);
			path = CacheInteractors;
			sourceTree = "<group>";
		};
/* End PBXGroup section */

/* Begin PBXNativeTarget section */
		28B632DF1F71552D00F35212 /* MadridActivities */ = {
			isa = PBXNativeTarget;
			buildConfigurationList = 28B632FD1F71552D00F35212 /* Build configuration list for PBXNativeTarget "MadridActivities" */;
			buildPhases = (
				28B632DC1F71552D00F35212 /* Sources */,
				28B632DD1F71552D00F35212 /* Frameworks */,
				28B632DE1F71552D00F35212 /* Resources */,
			);
			buildRules = (
			);
			dependencies = (
			);
			name = MadridActivities;
			productName = MadridActivities;
			productReference = 28B632E01F71552D00F35212 /* MadridActivities.app */;
			productType = "com.apple.product-type.application";
		};
		28B632F31F71552D00F35212 /* MadridActivitiesTests */ = {
			isa = PBXNativeTarget;
			buildConfigurationList = 28B633001F71552D00F35212 /* Build configuration list for PBXNativeTarget "MadridActivitiesTests" */;
			buildPhases = (
				28B632F01F71552D00F35212 /* Sources */,
				28B632F11F71552D00F35212 /* Frameworks */,
				28B632F21F71552D00F35212 /* Resources */,
			);
			buildRules = (
			);
			dependencies = (
				28B632F61F71552D00F35212 /* PBXTargetDependency */,
			);
			name = MadridActivitiesTests;
			productName = MadridActivitiesTests;
			productReference = 28B632F41F71552D00F35212 /* MadridActivitiesTests.xctest */;
			productType = "com.apple.product-type.bundle.unit-test";
		};
/* End PBXNativeTarget section */

/* Begin PBXProject section */
		28B632D81F71552D00F35212 /* Project object */ = {
			isa = PBXProject;
			attributes = {
				LastSwiftUpdateCheck = 0900;
				LastUpgradeCheck = 0900;
				ORGANIZATIONNAME = "Carlos Ledesma";
				TargetAttributes = {
					28B632DF1F71552D00F35212 = {
						CreatedOnToolsVersion = 9.0;
						ProvisioningStyle = Automatic;
						SystemCapabilities = {
							com.apple.Maps.iOS = {
								enabled = 1;
							};
						};
					};
					28B632F31F71552D00F35212 = {
						CreatedOnToolsVersion = 9.0;
						ProvisioningStyle = Automatic;
						TestTargetID = 28B632DF1F71552D00F35212;
					};
				};
			};
			buildConfigurationList = 28B632DB1F71552D00F35212 /* Build configuration list for PBXProject "MadridActivities" */;
			compatibilityVersion = "Xcode 8.0";
			developmentRegion = en;
			hasScannedForEncodings = 0;
			knownRegions = (
				en,
				Base,
			);
			mainGroup = 28B632D71F71552D00F35212;
			productRefGroup = 28B632E11F71552D00F35212 /* Products */;
			projectDirPath = "";
			projectRoot = "";
			targets = (
				28B632DF1F71552D00F35212 /* MadridActivities */,
				28B632F31F71552D00F35212 /* MadridActivitiesTests */,
			);
		};
/* End PBXProject section */

/* Begin PBXResourcesBuildPhase section */
		28B632DE1F71552D00F35212 /* Resources */ = {
			isa = PBXResourcesBuildPhase;
			buildActionMask = 2147483647;
			files = (
				28B632EE1F71552D00F35212 /* LaunchScreen.storyboard in Resources */,
				28B632EB1F71552D00F35212 /* Assets.xcassets in Resources */,
				28EE87A31F72C83900CCCB84 /* 101-bank.png in Resources */,
				28B632E91F71552D00F35212 /* Main.storyboard in Resources */,
				28EE87A41F72C83C00CCCB84 /* 101-dumbbell.png in Resources */,
			);
			runOnlyForDeploymentPostprocessing = 0;
		};
		28B632F21F71552D00F35212 /* Resources */ = {
			isa = PBXResourcesBuildPhase;
			buildActionMask = 2147483647;
			files = (
			);
			runOnlyForDeploymentPostprocessing = 0;
		};
/* End PBXResourcesBuildPhase section */

/* Begin PBXSourcesBuildPhase section */
		28B632DC1F71552D00F35212 /* Sources */ = {
			isa = PBXSourcesBuildPhase;
			buildActionMask = 2147483647;
			files = (
				28EE87AF1F72F50D00CCCB84 /* CoreDataStack.swift in Sources */,
				28F03F401F7A5AC2004867E8 /* SetExecutedOnceInteractor.swift in Sources */,
				28151F2C1F791A3A00E23CAF /* DownloadAllActivitiesInteractor.swift in Sources */,
				28EE87AA1F72EDDF00CCCB84 /* ActivityCollectionViewCell.swift in Sources */,
				28151F271F79159200E23CAF /* JSONParser.swift in Sources */,
				28151F301F791E2C00E23CAF /* DownloadAllShopsInteractorNSURLSessionImpl.swift in Sources */,
				28EE87BC1F73031000CCCB84 /* Shops.swift in Sources */,
				28151F321F791E5700E23CAF /* DownloadAllActivitiesInteractorNSURLSessionImpl.swift in Sources */,
				28F03F381F7A5917004867E8 /* MapAndShopsViewController+CollectionViewController.swift in Sources */,
				28151F2A1F791A1F00E23CAF /* DownloadAllShopsInteractor.swift in Sources */,
				28B481DB1F79A2F500A0B0D8 /* MapShops.swift in Sources */,
				28EE87AD1F72F13E00CCCB84 /* String+Image.swift in Sources */,
				28F03F451F7A5B40004867E8 /* SaveAllShopsInteractor.swift in Sources */,
				28B632E61F71552D00F35212 /* MapAndActivitiesViewController.swift in Sources */,
				28EE87A81F72EA1B00CCCB84 /* ShopCollectionViewCell.swift in Sources */,
				28B632E41F71552D00F35212 /* AppDelegate.swift in Sources */,
				28F03F421F7A5AC2004867E8 /* ExecuteOnceInteractorImpl.swift in Sources */,
				28F03F431F7A5AC2004867E8 /* ExecuteOnceInteractor.swift in Sources */,
				28F03F491F7A8951004867E8 /* Note.swift in Sources */,
				28EE87B31F72F76D00CCCB84 /* Shop.swift in Sources */,
				28F03F441F7A5B3A004867E8 /* SaveAllShopsInteractorImpl.swift in Sources */,
				28EE87BE1F7309DD00CCCB84 /* Activities.swift in Sources */,
				28EE87B61F72FA7F00CCCB84 /* MadridShopsActivities.xcdatamodeld in Sources */,
				28151F2E1F791A8400E23CAF /* Typealias.swift in Sources */,
				28F03F411F7A5AC2004867E8 /* SetExecutedOnceInteractorImpl.swift in Sources */,
				28EE87B11F72F60600CCCB84 /* Activity.swift in Sources */,
				28F03F471F7A677E004867E8 /* ShopDetailViewController.swift in Sources */,
				28EE87A61F72CA8400CCCB84 /* MapAndShopsViewController.swift in Sources */,
				28769C141F73D55300D472C4 /* MapAndActivitiesViewController+CollectionViewController.swift in Sources */,
			);
			runOnlyForDeploymentPostprocessing = 0;
		};
		28B632F01F71552D00F35212 /* Sources */ = {
			isa = PBXSourcesBuildPhase;
			buildActionMask = 2147483647;
			files = (
				28B632F91F71552D00F35212 /* MadridActivitiesTests.swift in Sources */,
			);
			runOnlyForDeploymentPostprocessing = 0;
		};
/* End PBXSourcesBuildPhase section */

/* Begin PBXTargetDependency section */
		28B632F61F71552D00F35212 /* PBXTargetDependency */ = {
			isa = PBXTargetDependency;
			target = 28B632DF1F71552D00F35212 /* MadridActivities */;
			targetProxy = 28B632F51F71552D00F35212 /* PBXContainerItemProxy */;
		};
/* End PBXTargetDependency section */

/* Begin PBXVariantGroup section */
		28B632E71F71552D00F35212 /* Main.storyboard */ = {
			isa = PBXVariantGroup;
			children = (
				28B632E81F71552D00F35212 /* Base */,
			);
			name = Main.storyboard;
			sourceTree = "<group>";
		};
		28B632EC1F71552D00F35212 /* LaunchScreen.storyboard */ = {
			isa = PBXVariantGroup;
			children = (
				28B632ED1F71552D00F35212 /* Base */,
			);
			name = LaunchScreen.storyboard;
			sourceTree = "<group>";
		};
/* End PBXVariantGroup section */

/* Begin XCBuildConfiguration section */
		28B632FB1F71552D00F35212 /* Debug */ = {
			isa = XCBuildConfiguration;
			buildSettings = {
				ALWAYS_SEARCH_USER_PATHS = NO;
				CLANG_ANALYZER_NONNULL = YES;
				CLANG_ANALYZER_NUMBER_OBJECT_CONVERSION = YES_AGGRESSIVE;
				CLANG_CXX_LANGUAGE_STANDARD = "gnu++14";
				CLANG_CXX_LIBRARY = "libc++";
				CLANG_ENABLE_MODULES = YES;
				CLANG_ENABLE_OBJC_ARC = YES;
				CLANG_WARN_BLOCK_CAPTURE_AUTORELEASING = YES;
				CLANG_WARN_BOOL_CONVERSION = YES;
				CLANG_WARN_COMMA = YES;
				CLANG_WARN_CONSTANT_CONVERSION = YES;
				CLANG_WARN_DIRECT_OBJC_ISA_USAGE = YES_ERROR;
				CLANG_WARN_DOCUMENTATION_COMMENTS = YES;
				CLANG_WARN_EMPTY_BODY = YES;
				CLANG_WARN_ENUM_CONVERSION = YES;
				CLANG_WARN_INFINITE_RECURSION = YES;
				CLANG_WARN_INT_CONVERSION = YES;
				CLANG_WARN_NON_LITERAL_NULL_CONVERSION = YES;
				CLANG_WARN_OBJC_LITERAL_CONVERSION = YES;
				CLANG_WARN_OBJC_ROOT_CLASS = YES_ERROR;
				CLANG_WARN_RANGE_LOOP_ANALYSIS = YES;
				CLANG_WARN_STRICT_PROTOTYPES = YES;
				CLANG_WARN_SUSPICIOUS_MOVE = YES;
				CLANG_WARN_UNGUARDED_AVAILABILITY = YES_AGGRESSIVE;
				CLANG_WARN_UNREACHABLE_CODE = YES;
				CLANG_WARN__DUPLICATE_METHOD_MATCH = YES;
				CODE_SIGN_IDENTITY = "iPhone Developer";
				COPY_PHASE_STRIP = NO;
				DEBUG_INFORMATION_FORMAT = dwarf;
				ENABLE_STRICT_OBJC_MSGSEND = YES;
				ENABLE_TESTABILITY = YES;
				GCC_C_LANGUAGE_STANDARD = gnu11;
				GCC_DYNAMIC_NO_PIC = NO;
				GCC_NO_COMMON_BLOCKS = YES;
				GCC_OPTIMIZATION_LEVEL = 0;
				GCC_PREPROCESSOR_DEFINITIONS = (
					"DEBUG=1",
					"$(inherited)",
				);
				GCC_WARN_64_TO_32_BIT_CONVERSION = YES;
				GCC_WARN_ABOUT_RETURN_TYPE = YES_ERROR;
				GCC_WARN_UNDECLARED_SELECTOR = YES;
				GCC_WARN_UNINITIALIZED_AUTOS = YES_AGGRESSIVE;
				GCC_WARN_UNUSED_FUNCTION = YES;
				GCC_WARN_UNUSED_VARIABLE = YES;
				IPHONEOS_DEPLOYMENT_TARGET = 11.0;
				MTL_ENABLE_DEBUG_INFO = YES;
				ONLY_ACTIVE_ARCH = YES;
				SDKROOT = iphoneos;
				SWIFT_ACTIVE_COMPILATION_CONDITIONS = DEBUG;
				SWIFT_OPTIMIZATION_LEVEL = "-Onone";
			};
			name = Debug;
		};
		28B632FC1F71552D00F35212 /* Release */ = {
			isa = XCBuildConfiguration;
			buildSettings = {
				ALWAYS_SEARCH_USER_PATHS = NO;
				CLANG_ANALYZER_NONNULL = YES;
				CLANG_ANALYZER_NUMBER_OBJECT_CONVERSION = YES_AGGRESSIVE;
				CLANG_CXX_LANGUAGE_STANDARD = "gnu++14";
				CLANG_CXX_LIBRARY = "libc++";
				CLANG_ENABLE_MODULES = YES;
				CLANG_ENABLE_OBJC_ARC = YES;
				CLANG_WARN_BLOCK_CAPTURE_AUTORELEASING = YES;
				CLANG_WARN_BOOL_CONVERSION = YES;
				CLANG_WARN_COMMA = YES;
				CLANG_WARN_CONSTANT_CONVERSION = YES;
				CLANG_WARN_DIRECT_OBJC_ISA_USAGE = YES_ERROR;
				CLANG_WARN_DOCUMENTATION_COMMENTS = YES;
				CLANG_WARN_EMPTY_BODY = YES;
				CLANG_WARN_ENUM_CONVERSION = YES;
				CLANG_WARN_INFINITE_RECURSION = YES;
				CLANG_WARN_INT_CONVERSION = YES;
				CLANG_WARN_NON_LITERAL_NULL_CONVERSION = YES;
				CLANG_WARN_OBJC_LITERAL_CONVERSION = YES;
				CLANG_WARN_OBJC_ROOT_CLASS = YES_ERROR;
				CLANG_WARN_RANGE_LOOP_ANALYSIS = YES;
				CLANG_WARN_STRICT_PROTOTYPES = YES;
				CLANG_WARN_SUSPICIOUS_MOVE = YES;
				CLANG_WARN_UNGUARDED_AVAILABILITY = YES_AGGRESSIVE;
				CLANG_WARN_UNREACHABLE_CODE = YES;
				CLANG_WARN__DUPLICATE_METHOD_MATCH = YES;
				CODE_SIGN_IDENTITY = "iPhone Developer";
				COPY_PHASE_STRIP = NO;
				DEBUG_INFORMATION_FORMAT = "dwarf-with-dsym";
				ENABLE_NS_ASSERTIONS = NO;
				ENABLE_STRICT_OBJC_MSGSEND = YES;
				GCC_C_LANGUAGE_STANDARD = gnu11;
				GCC_NO_COMMON_BLOCKS = YES;
				GCC_WARN_64_TO_32_BIT_CONVERSION = YES;
				GCC_WARN_ABOUT_RETURN_TYPE = YES_ERROR;
				GCC_WARN_UNDECLARED_SELECTOR = YES;
				GCC_WARN_UNINITIALIZED_AUTOS = YES_AGGRESSIVE;
				GCC_WARN_UNUSED_FUNCTION = YES;
				GCC_WARN_UNUSED_VARIABLE = YES;
				IPHONEOS_DEPLOYMENT_TARGET = 11.0;
				MTL_ENABLE_DEBUG_INFO = NO;
				SDKROOT = iphoneos;
				SWIFT_OPTIMIZATION_LEVEL = "-Owholemodule";
				VALIDATE_PRODUCT = YES;
			};
			name = Release;
		};
		28B632FE1F71552D00F35212 /* Debug */ = {
			isa = XCBuildConfiguration;
			buildSettings = {
				ASSETCATALOG_COMPILER_APPICON_NAME = AppIcon;
				CODE_SIGN_STYLE = Automatic;
				DEVELOPMENT_TEAM = 7MS6HQ5AL2;
				INFOPLIST_FILE = MadridActivities/Info.plist;
				LD_RUNPATH_SEARCH_PATHS = "$(inherited) @executable_path/Frameworks";
				PRODUCT_BUNDLE_IDENTIFIER = es.clc.MadridActivities;
				PRODUCT_NAME = "$(TARGET_NAME)";
				SWIFT_VERSION = 4.0;
				TARGETED_DEVICE_FAMILY = "1,2";
			};
			name = Debug;
		};
		28B632FF1F71552D00F35212 /* Release */ = {
			isa = XCBuildConfiguration;
			buildSettings = {
				ASSETCATALOG_COMPILER_APPICON_NAME = AppIcon;
				CODE_SIGN_STYLE = Automatic;
				DEVELOPMENT_TEAM = 7MS6HQ5AL2;
				INFOPLIST_FILE = MadridActivities/Info.plist;
				LD_RUNPATH_SEARCH_PATHS = "$(inherited) @executable_path/Frameworks";
				PRODUCT_BUNDLE_IDENTIFIER = es.clc.MadridActivities;
				PRODUCT_NAME = "$(TARGET_NAME)";
				SWIFT_VERSION = 4.0;
				TARGETED_DEVICE_FAMILY = "1,2";
			};
			name = Release;
		};
		28B633011F71552D00F35212 /* Debug */ = {
			isa = XCBuildConfiguration;
			buildSettings = {
				ALWAYS_EMBED_SWIFT_STANDARD_LIBRARIES = YES;
				BUNDLE_LOADER = "$(TEST_HOST)";
				CODE_SIGN_STYLE = Automatic;
				DEVELOPMENT_TEAM = 7MS6HQ5AL2;
				INFOPLIST_FILE = MadridActivitiesTests/Info.plist;
				LD_RUNPATH_SEARCH_PATHS = "$(inherited) @executable_path/Frameworks @loader_path/Frameworks";
				PRODUCT_BUNDLE_IDENTIFIER = es.clc.MadridActivitiesTests;
				PRODUCT_NAME = "$(TARGET_NAME)";
				SWIFT_VERSION = 4.0;
				TARGETED_DEVICE_FAMILY = "1,2";
				TEST_HOST = "$(BUILT_PRODUCTS_DIR)/MadridActivities.app/MadridActivities";
			};
			name = Debug;
		};
		28B633021F71552D00F35212 /* Release */ = {
			isa = XCBuildConfiguration;
			buildSettings = {
				ALWAYS_EMBED_SWIFT_STANDARD_LIBRARIES = YES;
				BUNDLE_LOADER = "$(TEST_HOST)";
				CODE_SIGN_STYLE = Automatic;
				DEVELOPMENT_TEAM = 7MS6HQ5AL2;
				INFOPLIST_FILE = MadridActivitiesTests/Info.plist;
				LD_RUNPATH_SEARCH_PATHS = "$(inherited) @executable_path/Frameworks @loader_path/Frameworks";
				PRODUCT_BUNDLE_IDENTIFIER = es.clc.MadridActivitiesTests;
				PRODUCT_NAME = "$(TARGET_NAME)";
				SWIFT_VERSION = 4.0;
				TARGETED_DEVICE_FAMILY = "1,2";
				TEST_HOST = "$(BUILT_PRODUCTS_DIR)/MadridActivities.app/MadridActivities";
			};
			name = Release;
		};
/* End XCBuildConfiguration section */

/* Begin XCConfigurationList section */
		28B632DB1F71552D00F35212 /* Build configuration list for PBXProject "MadridActivities" */ = {
			isa = XCConfigurationList;
			buildConfigurations = (
				28B632FB1F71552D00F35212 /* Debug */,
				28B632FC1F71552D00F35212 /* Release */,
			);
			defaultConfigurationIsVisible = 0;
			defaultConfigurationName = Release;
		};
		28B632FD1F71552D00F35212 /* Build configuration list for PBXNativeTarget "MadridActivities" */ = {
			isa = XCConfigurationList;
			buildConfigurations = (
				28B632FE1F71552D00F35212 /* Debug */,
				28B632FF1F71552D00F35212 /* Release */,
			);
			defaultConfigurationIsVisible = 0;
			defaultConfigurationName = Release;
		};
		28B633001F71552D00F35212 /* Build configuration list for PBXNativeTarget "MadridActivitiesTests" */ = {
			isa = XCConfigurationList;
			buildConfigurations = (
				28B633011F71552D00F35212 /* Debug */,
				28B633021F71552D00F35212 /* Release */,
			);
			defaultConfigurationIsVisible = 0;
			defaultConfigurationName = Release;
		};
/* End XCConfigurationList section */

/* Begin XCVersionGroup section */
		28EE87B41F72FA7E00CCCB84 /* MadridShopsActivities.xcdatamodeld */ = {
			isa = XCVersionGroup;
			children = (
				28EE87B51F72FA7F00CCCB84 /* MadridShopsActivities.xcdatamodel */,
			);
			currentVersion = 28EE87B51F72FA7F00CCCB84 /* MadridShopsActivities.xcdatamodel */;
			path = MadridShopsActivities.xcdatamodeld;
			sourceTree = "<group>";
			versionGroupType = wrapper.xcdatamodel;
		};
/* End XCVersionGroup section */
	};
	rootObject = 28B632D81F71552D00F35212 /* Project object */;
}
