// !$*UTF8*$!
{
	archiveVersion = 1;
	classes = {
	};
	objectVersion = 48;
	objects = {

/* Begin PBXBuildFile section */
		28B632E41F71552D00F35212 /* AppDelegate.swift in Sources */ = {isa = PBXBuildFile; fileRef = 28B632E31F71552D00F35212 /* AppDelegate.swift */; };
		28B632E61F71552D00F35212 /* MapAndActivitiesViewController.swift in Sources */ = {isa = PBXBuildFile; fileRef = 28B632E51F71552D00F35212 /* MapAndActivitiesViewController.swift */; };
		28B632E91F71552D00F35212 /* Main.storyboard in Resources */ = {isa = PBXBuildFile; fileRef = 28B632E71F71552D00F35212 /* Main.storyboard */; };
		28B632EB1F71552D00F35212 /* Assets.xcassets in Resources */ = {isa = PBXBuildFile; fileRef = 28B632EA1F71552D00F35212 /* Assets.xcassets */; };
		28B632EE1F71552D00F35212 /* LaunchScreen.storyboard in Resources */ = {isa = PBXBuildFile; fileRef = 28B632EC1F71552D00F35212 /* LaunchScreen.storyboard */; };
		28B632F91F71552D00F35212 /* MadridActivitiesTests.swift in Sources */ = {isa = PBXBuildFile; fileRef = 28B632F81F71552D00F35212 /* MadridActivitiesTests.swift */; };
		28B633051F71555000F35212 /* CoreData.framework in Frameworks */ = {isa = PBXBuildFile; fileRef = 28B633041F71554F00F35212 /* CoreData.framework */; };
		28B6330A1F715E1000F35212 /* MapKit.framework in Frameworks */ = {isa = PBXBuildFile; fileRef = 28B633091F715E1000F35212 /* MapKit.framework */; };
/* End PBXBuildFile section */

/* Begin PBXContainerItemProxy section */
		28B632F51F71552D00F35212 /* PBXContainerItemProxy */ = {
			isa = PBXContainerItemProxy;
			containerPortal = 28B632D81F71552D00F35212 /* Project object */;
			proxyType = 1;
			remoteGlobalIDString = 28B632DF1F71552D00F35212;
			remoteInfo = MadridActivities;
		};
/* End PBXContainerItemProxy section */

/* Begin PBXFileReference section */
		28B632E01F71552D00F35212 /* MadridActivities.app */ = {isa = PBXFileReference; explicitFileType = wrapper.application; includeInIndex = 0; path = MadridActivities.app; sourceTree = BUILT_PRODUCTS_DIR; };
		28B632E31F71552D00F35212 /* AppDelegate.swift */ = {isa = PBXFileReference; lastKnownFileType = sourcecode.swift; path = AppDelegate.swift; sourceTree = "<group>"; };
		28B632E51F71552D00F35212 /* MapAndActivitiesViewController.swift */ = {isa = PBXFileReference; lastKnownFileType = sourcecode.swift; path = MapAndActivitiesViewController.swift; sourceTree = "<group>"; };
		28B632E81F71552D00F35212 /* Base */ = {isa = PBXFileReference; lastKnownFileType = file.storyboard; name = Base; path = Base.lproj/Main.storyboard; sourceTree = "<group>"; };
		28B632EA1F71552D00F35212 /* Assets.xcassets */ = {isa = PBXFileReference; lastKnownFileType = folder.assetcatalog; path = Assets.xcassets; sourceTree = "<group>"; };
		28B632ED1F71552D00F35212 /* Base */ = {isa = PBXFileReference; lastKnownFileType = file.storyboard; name = Base; path = Base.lproj/LaunchScreen.storyboard; sourceTree = "<group>"; };
		28B632EF1F71552D00F35212 /* Info.plist */ = {isa = PBXFileReference; lastKnownFileType = text.plist.xml; path = Info.plist; sourceTree = "<group>"; };
		28B632F41F71552D00F35212 /* MadridActivitiesTests.xctest */ = {isa = PBXFileReference; explicitFileType = wrapper.cfbundle; includeInIndex = 0; path = MadridActivitiesTests.xctest; sourceTree = BUILT_PRODUCTS_DIR; };
		28B632F81F71552D00F35212 /* MadridActivitiesTests.swift */ = {isa = PBXFileReference; lastKnownFileType = sourcecode.swift; path = MadridActivitiesTests.swift; sourceTree = "<group>"; };
		28B632FA1F71552D00F35212 /* Info.plist */ = {isa = PBXFileReference; lastKnownFileType = text.plist.xml; path = Info.plist; sourceTree = "<group>"; };
		28B633041F71554F00F35212 /* CoreData.framework */ = {isa = PBXFileReference; lastKnownFileType = wrapper.framework; name = CoreData.framework; path = System/Library/Frameworks/CoreData.framework; sourceTree = SDKROOT; };
		28B633091F715E1000F35212 /* MapKit.framework */ = {isa = PBXFileReference; lastKnownFileType = wrapper.framework; name = MapKit.framework; path = System/Library/Frameworks/MapKit.framework; sourceTree = SDKROOT; };
/* End PBXFileReference section */

/* Begin PBXFrameworksBuildPhase section */
		28B632DD1F71552D00F35212 /* Frameworks */ = {
			isa = PBXFrameworksBuildPhase;
			buildActionMask = 2147483647;
			files = (
				28B6330A1F715E1000F35212 /* MapKit.framework in Frameworks */,
				28B633051F71555000F35212 /* CoreData.framework in Frameworks */,
			);
			runOnlyForDeploymentPostprocessing = 0;
		};
		28B632F11F71552D00F35212 /* Frameworks */ = {
			isa = PBXFrameworksBuildPhase;
			buildActionMask = 2147483647;
			files = (
			);
			runOnlyForDeploymentPostprocessing = 0;
		};
/* End PBXFrameworksBuildPhase section */

/* Begin PBXGroup section */
		28B632D71F71552D00F35212 = {
			isa = PBXGroup;
			children = (
				28B632E21F71552D00F35212 /* MadridActivities */,
				28B632F71F71552D00F35212 /* MadridActivitiesTests */,
				28B632E11F71552D00F35212 /* Products */,
				28B633031F71554F00F35212 /* Frameworks */,
			);
			sourceTree = "<group>";
		};
		28B632E11F71552D00F35212 /* Products */ = {
			isa = PBXGroup;
			children = (
				28B632E01F71552D00F35212 /* MadridActivities.app */,
				28B632F41F71552D00F35212 /* MadridActivitiesTests.xctest */,
			);
			name = Products;
			sourceTree = "<group>";
		};
		28B632E21F71552D00F35212 /* MadridActivities */ = {
			isa = PBXGroup;
			children = (
				28B632E31F71552D00F35212 /* AppDelegate.swift */,
				28B633061F715C2100F35212 /* Models */,
				28B633071F715C3D00F35212 /* Controllers */,
				28B633081F715C4300F35212 /* Views */,
				28B632E71F71552D00F35212 /* Main.storyboard */,
				28B632EA1F71552D00F35212 /* Assets.xcassets */,
				28B632EC1F71552D00F35212 /* LaunchScreen.storyboard */,
				28B632EF1F71552D00F35212 /* Info.plist */,
			);
			path = MadridActivities;
			sourceTree = "<group>";
		};
		28B632F71F71552D00F35212 /* MadridActivitiesTests */ = {
			isa = PBXGroup;
			children = (
				28B632F81F71552D00F35212 /* MadridActivitiesTests.swift */,
				28B632FA1F71552D00F35212 /* Info.plist */,
			);
			path = MadridActivitiesTests;
			sourceTree = "<group>";
		};
		28B633031F71554F00F35212 /* Frameworks */ = {
			isa = PBXGroup;
			children = (
				28B633091F715E1000F35212 /* MapKit.framework */,
				28B633041F71554F00F35212 /* CoreData.framework */,
			);
			name = Frameworks;
			sourceTree = "<group>";
		};
		28B633061F715C2100F35212 /* Models */ = {
			isa = PBXGroup;
			children = (
			);
			path = Models;
			sourceTree = "<group>";
		};
		28B633071F715C3D00F35212 /* Controllers */ = {
			isa = PBXGroup;
			children = (
				28B632E51F71552D00F35212 /* MapAndActivitiesViewController.swift */,
			);
			path = Controllers;
			sourceTree = "<group>";
		};
		28B633081F715C4300F35212 /* Views */ = {
			isa = PBXGroup;
			children = (
			);
			path = Views;
			sourceTree = "<group>";
		};
/* End PBXGroup section */

/* Begin PBXNativeTarget section */
		28B632DF1F71552D00F35212 /* MadridActivities */ = {
			isa = PBXNativeTarget;
			buildConfigurationList = 28B632FD1F71552D00F35212 /* Build configuration list for PBXNativeTarget "MadridActivities" */;
			buildPhases = (
				28B632DC1F71552D00F35212 /* Sources */,
				28B632DD1F71552D00F35212 /* Frameworks */,
				28B632DE1F71552D00F35212 /* Resources */,
			);
			buildRules = (
			);
			dependencies = (
			);
			name = MadridActivities;
			productName = MadridActivities;
			productReference = 28B632E01F71552D00F35212 /* MadridActivities.app */;
			productType = "com.apple.product-type.application";
		};
		28B632F31F71552D00F35212 /* MadridActivitiesTests */ = {
			isa = PBXNativeTarget;
			buildConfigurationList = 28B633001F71552D00F35212 /* Build configuration list for PBXNativeTarget "MadridActivitiesTests" */;
			buildPhases = (
				28B632F01F71552D00F35212 /* Sources */,
				28B632F11F71552D00F35212 /* Frameworks */,
				28B632F21F71552D00F35212 /* Resources */,
			);
			buildRules = (
			);
			dependencies = (
				28B632F61F71552D00F35212 /* PBXTargetDependency */,
			);
			name = MadridActivitiesTests;
			productName = MadridActivitiesTests;
			productReference = 28B632F41F71552D00F35212 /* MadridActivitiesTests.xctest */;
			productType = "com.apple.product-type.bundle.unit-test";
		};
/* End PBXNativeTarget section */

/* Begin PBXProject section */
		28B632D81F71552D00F35212 /* Project object */ = {
			isa = PBXProject;
			attributes = {
				LastSwiftUpdateCheck = 0900;
				LastUpgradeCheck = 0900;
				ORGANIZATIONNAME = "Carlos Ledesma";
				TargetAttributes = {
					28B632DF1F71552D00F35212 = {
						CreatedOnToolsVersion = 9.0;
						ProvisioningStyle = Automatic;
						SystemCapabilities = {
							com.apple.Maps.iOS = {
								enabled = 1;
							};
						};
					};
					28B632F31F71552D00F35212 = {
						CreatedOnToolsVersion = 9.0;
						ProvisioningStyle = Automatic;
						TestTargetID = 28B632DF1F71552D00F35212;
					};
				};
			};
			buildConfigurationList = 28B632DB1F71552D00F35212 /* Build configuration list for PBXProject "MadridActivities" */;
			compatibilityVersion = "Xcode 8.0";
			developmentRegion = en;
			hasScannedForEncodings = 0;
			knownRegions = (
				en,
				Base,
			);
			mainGroup = 28B632D71F71552D00F35212;
			productRefGroup = 28B632E11F71552D00F35212 /* Products */;
			projectDirPath = "";
			projectRoot = "";
			targets = (
				28B632DF1F71552D00F35212 /* MadridActivities */,
				28B632F31F71552D00F35212 /* MadridActivitiesTests */,
			);
		};
/* End PBXProject section */

/* Begin PBXResourcesBuildPhase section */
		28B632DE1F71552D00F35212 /* Resources */ = {
			isa = PBXResourcesBuildPhase;
			buildActionMask = 2147483647;
			files = (
				28B632EE1F71552D00F35212 /* LaunchScreen.storyboard in Resources */,
				28B632EB1F71552D00F35212 /* Assets.xcassets in Resources */,
				28B632E91F71552D00F35212 /* Main.storyboard in Resources */,
			);
			runOnlyForDeploymentPostprocessing = 0;
		};
		28B632F21F71552D00F35212 /* Resources */ = {
			isa = PBXResourcesBuildPhase;
			buildActionMask = 2147483647;
			files = (
			);
			runOnlyForDeploymentPostprocessing = 0;
		};
/* End PBXResourcesBuildPhase section */

/* Begin PBXSourcesBuildPhase section */
		28B632DC1F71552D00F35212 /* Sources */ = {
			isa = PBXSourcesBuildPhase;
			buildActionMask = 2147483647;
			files = (
				28B632E61F71552D00F35212 /* MapAndActivitiesViewController.swift in Sources */,
				28B632E41F71552D00F35212 /* AppDelegate.swift in Sources */,
			);
			runOnlyForDeploymentPostprocessing = 0;
		};
		28B632F01F71552D00F35212 /* Sources */ = {
			isa = PBXSourcesBuildPhase;
			buildActionMask = 2147483647;
			files = (
				28B632F91F71552D00F35212 /* MadridActivitiesTests.swift in Sources */,
			);
			runOnlyForDeploymentPostprocessing = 0;
		};
/* End PBXSourcesBuildPhase section */

/* Begin PBXTargetDependency section */
		28B632F61F71552D00F35212 /* PBXTargetDependency */ = {
			isa = PBXTargetDependency;
			target = 28B632DF1F71552D00F35212 /* MadridActivities */;
			targetProxy = 28B632F51F71552D00F35212 /* PBXContainerItemProxy */;
		};
/* End PBXTargetDependency section */

/* Begin PBXVariantGroup section */
		28B632E71F71552D00F35212 /* Main.storyboard */ = {
			isa = PBXVariantGroup;
			children = (
				28B632E81F71552D00F35212 /* Base */,
			);
			name = Main.storyboard;
			sourceTree = "<group>";
		};
		28B632EC1F71552D00F35212 /* LaunchScreen.storyboard */ = {
			isa = PBXVariantGroup;
			children = (
				28B632ED1F71552D00F35212 /* Base */,
			);
			name = LaunchScreen.storyboard;
			sourceTree = "<group>";
		};
/* End PBXVariantGroup section */

/* Begin XCBuildConfiguration section */
		28B632FB1F71552D00F35212 /* Debug */ = {
			isa = XCBuildConfiguration;
			buildSettings = {
				ALWAYS_SEARCH_USER_PATHS = NO;
				CLANG_ANALYZER_NONNULL = YES;
				CLANG_ANALYZER_NUMBER_OBJECT_CONVERSION = YES_AGGRESSIVE;
				CLANG_CXX_LANGUAGE_STANDARD = "gnu++14";
				CLANG_CXX_LIBRARY = "libc++";
				CLANG_ENABLE_MODULES = YES;
				CLANG_ENABLE_OBJC_ARC = YES;
				CLANG_WARN_BLOCK_CAPTURE_AUTORELEASING = YES;
				CLANG_WARN_BOOL_CONVERSION = YES;
				CLANG_WARN_COMMA = YES;
				CLANG_WARN_CONSTANT_CONVERSION = YES;
				CLANG_WARN_DIRECT_OBJC_ISA_USAGE = YES_ERROR;
				CLANG_WARN_DOCUMENTATION_COMMENTS = YES;
				CLANG_WARN_EMPTY_BODY = YES;
				CLANG_WARN_ENUM_CONVERSION = YES;
				CLANG_WARN_INFINITE_RECURSION = YES;
				CLANG_WARN_INT_CONVERSION = YES;
				CLANG_WARN_NON_LITERAL_NULL_CONVERSION = YES;
				CLANG_WARN_OBJC_LITERAL_CONVERSION = YES;
				CLANG_WARN_OBJC_ROOT_CLASS = YES_ERROR;
				CLANG_WARN_RANGE_LOOP_ANALYSIS = YES;
				CLANG_WARN_STRICT_PROTOTYPES = YES;
				CLANG_WARN_SUSPICIOUS_MOVE = YES;
				CLANG_WARN_UNGUARDED_AVAILABILITY = YES_AGGRESSIVE;
				CLANG_WARN_UNREACHABLE_CODE = YES;
				CLANG_WARN__DUPLICATE_METHOD_MATCH = YES;
				CODE_SIGN_IDENTITY = "iPhone Developer";
				COPY_PHASE_STRIP = NO;
				DEBUG_INFORMATION_FORMAT = dwarf;
				ENABLE_STRICT_OBJC_MSGSEND = YES;
				ENABLE_TESTABILITY = YES;
				GCC_C_LANGUAGE_STANDARD = gnu11;
				GCC_DYNAMIC_NO_PIC = NO;
				GCC_NO_COMMON_BLOCKS = YES;
				GCC_OPTIMIZATION_LEVEL = 0;
				GCC_PREPROCESSOR_DEFINITIONS = (
					"DEBUG=1",
					"$(inherited)",
				);
				GCC_WARN_64_TO_32_BIT_CONVERSION = YES;
				GCC_WARN_ABOUT_RETURN_TYPE = YES_ERROR;
				GCC_WARN_UNDECLARED_SELECTOR = YES;
				GCC_WARN_UNINITIALIZED_AUTOS = YES_AGGRESSIVE;
				GCC_WARN_UNUSED_FUNCTION = YES;
				GCC_WARN_UNUSED_VARIABLE = YES;
				IPHONEOS_DEPLOYMENT_TARGET = 11.0;
				MTL_ENABLE_DEBUG_INFO = YES;
				ONLY_ACTIVE_ARCH = YES;
				SDKROOT = iphoneos;
				SWIFT_ACTIVE_COMPILATION_CONDITIONS = DEBUG;
				SWIFT_OPTIMIZATION_LEVEL = "-Onone";
			};
			name = Debug;
		};
		28B632FC1F71552D00F35212 /* Release */ = {
			isa = XCBuildConfiguration;
			buildSettings = {
				ALWAYS_SEARCH_USER_PATHS = NO;
				CLANG_ANALYZER_NONNULL = YES;
				CLANG_ANALYZER_NUMBER_OBJECT_CONVERSION = YES_AGGRESSIVE;
				CLANG_CXX_LANGUAGE_STANDARD = "gnu++14";
				CLANG_CXX_LIBRARY = "libc++";
				CLANG_ENABLE_MODULES = YES;
				CLANG_ENABLE_OBJC_ARC = YES;
				CLANG_WARN_BLOCK_CAPTURE_AUTORELEASING = YES;
				CLANG_WARN_BOOL_CONVERSION = YES;
				CLANG_WARN_COMMA = YES;
				CLANG_WARN_CONSTANT_CONVERSION = YES;
				CLANG_WARN_DIRECT_OBJC_ISA_USAGE = YES_ERROR;
				CLANG_WARN_DOCUMENTATION_COMMENTS = YES;
				CLANG_WARN_EMPTY_BODY = YES;
				CLANG_WARN_ENUM_CONVERSION = YES;
				CLANG_WARN_INFINITE_RECURSION = YES;
				CLANG_WARN_INT_CONVERSION = YES;
				CLANG_WARN_NON_LITERAL_NULL_CONVERSION = YES;
				CLANG_WARN_OBJC_LITERAL_CONVERSION = YES;
				CLANG_WARN_OBJC_ROOT_CLASS = YES_ERROR;
				CLANG_WARN_RANGE_LOOP_ANALYSIS = YES;
				CLANG_WARN_STRICT_PROTOTYPES = YES;
				CLANG_WARN_SUSPICIOUS_MOVE = YES;
				CLANG_WARN_UNGUARDED_AVAILABILITY = YES_AGGRESSIVE;
				CLANG_WARN_UNREACHABLE_CODE = YES;
				CLANG_WARN__DUPLICATE_METHOD_MATCH = YES;
				CODE_SIGN_IDENTITY = "iPhone Developer";
				COPY_PHASE_STRIP = NO;
				DEBUG_INFORMATION_FORMAT = "dwarf-with-dsym";
				ENABLE_NS_ASSERTIONS = NO;
				ENABLE_STRICT_OBJC_MSGSEND = YES;
				GCC_C_LANGUAGE_STANDARD = gnu11;
				GCC_NO_COMMON_BLOCKS = YES;
				GCC_WARN_64_TO_32_BIT_CONVERSION = YES;
				GCC_WARN_ABOUT_RETURN_TYPE = YES_ERROR;
				GCC_WARN_UNDECLARED_SELECTOR = YES;
				GCC_WARN_UNINITIALIZED_AUTOS = YES_AGGRESSIVE;
				GCC_WARN_UNUSED_FUNCTION = YES;
				GCC_WARN_UNUSED_VARIABLE = YES;
				IPHONEOS_DEPLOYMENT_TARGET = 11.0;
				MTL_ENABLE_DEBUG_INFO = NO;
				SDKROOT = iphoneos;
				SWIFT_OPTIMIZATION_LEVEL = "-Owholemodule";
				VALIDATE_PRODUCT = YES;
			};
			name = Release;
		};
		28B632FE1F71552D00F35212 /* Debug */ = {
			isa = XCBuildConfiguration;
			buildSettings = {
				ASSETCATALOG_COMPILER_APPICON_NAME = AppIcon;
				CODE_SIGN_STYLE = Automatic;
				DEVELOPMENT_TEAM = 7MS6HQ5AL2;
				INFOPLIST_FILE = MadridActivities/Info.plist;
				LD_RUNPATH_SEARCH_PATHS = "$(inherited) @executable_path/Frameworks";
				PRODUCT_BUNDLE_IDENTIFIER = es.clc.MadridActivities;
				PRODUCT_NAME = "$(TARGET_NAME)";
				SWIFT_VERSION = 4.0;
				TARGETED_DEVICE_FAMILY = "1,2";
			};
			name = Debug;
		};
		28B632FF1F71552D00F35212 /* Release */ = {
			isa = XCBuildConfiguration;
			buildSettings = {
				ASSETCATALOG_COMPILER_APPICON_NAME = AppIcon;
				CODE_SIGN_STYLE = Automatic;
				DEVELOPMENT_TEAM = 7MS6HQ5AL2;
				INFOPLIST_FILE = MadridActivities/Info.plist;
				LD_RUNPATH_SEARCH_PATHS = "$(inherited) @executable_path/Frameworks";
				PRODUCT_BUNDLE_IDENTIFIER = es.clc.MadridActivities;
				PRODUCT_NAME = "$(TARGET_NAME)";
				SWIFT_VERSION = 4.0;
				TARGETED_DEVICE_FAMILY = "1,2";
			};
			name = Release;
		};
		28B633011F71552D00F35212 /* Debug */ = {
			isa = XCBuildConfiguration;
			buildSettings = {
				ALWAYS_EMBED_SWIFT_STANDARD_LIBRARIES = YES;
				BUNDLE_LOADER = "$(TEST_HOST)";
				CODE_SIGN_STYLE = Automatic;
				DEVELOPMENT_TEAM = 7MS6HQ5AL2;
				INFOPLIST_FILE = MadridActivitiesTests/Info.plist;
				LD_RUNPATH_SEARCH_PATHS = "$(inherited) @executable_path/Frameworks @loader_path/Frameworks";
				PRODUCT_BUNDLE_IDENTIFIER = es.clc.MadridActivitiesTests;
				PRODUCT_NAME = "$(TARGET_NAME)";
				SWIFT_VERSION = 4.0;
				TARGETED_DEVICE_FAMILY = "1,2";
				TEST_HOST = "$(BUILT_PRODUCTS_DIR)/MadridActivities.app/MadridActivities";
			};
			name = Debug;
		};
		28B633021F71552D00F35212 /* Release */ = {
			isa = XCBuildConfiguration;
			buildSettings = {
				ALWAYS_EMBED_SWIFT_STANDARD_LIBRARIES = YES;
				BUNDLE_LOADER = "$(TEST_HOST)";
				CODE_SIGN_STYLE = Automatic;
				DEVELOPMENT_TEAM = 7MS6HQ5AL2;
				INFOPLIST_FILE = MadridActivitiesTests/Info.plist;
				LD_RUNPATH_SEARCH_PATHS = "$(inherited) @executable_path/Frameworks @loader_path/Frameworks";
				PRODUCT_BUNDLE_IDENTIFIER = es.clc.MadridActivitiesTests;
				PRODUCT_NAME = "$(TARGET_NAME)";
				SWIFT_VERSION = 4.0;
				TARGETED_DEVICE_FAMILY = "1,2";
				TEST_HOST = "$(BUILT_PRODUCTS_DIR)/MadridActivities.app/MadridActivities";
			};
			name = Release;
		};
/* End XCBuildConfiguration section */

/* Begin XCConfigurationList section */
		28B632DB1F71552D00F35212 /* Build configuration list for PBXProject "MadridActivities" */ = {
			isa = XCConfigurationList;
			buildConfigurations = (
				28B632FB1F71552D00F35212 /* Debug */,
				28B632FC1F71552D00F35212 /* Release */,
			);
			defaultConfigurationIsVisible = 0;
			defaultConfigurationName = Release;
		};
		28B632FD1F71552D00F35212 /* Build configuration list for PBXNativeTarget "MadridActivities" */ = {
			isa = XCConfigurationList;
			buildConfigurations = (
				28B632FE1F71552D00F35212 /* Debug */,
				28B632FF1F71552D00F35212 /* Release */,
			);
			defaultConfigurationIsVisible = 0;
			defaultConfigurationName = Release;
		};
		28B633001F71552D00F35212 /* Build configuration list for PBXNativeTarget "MadridActivitiesTests" */ = {
			isa = XCConfigurationList;
			buildConfigurations = (
				28B633011F71552D00F35212 /* Debug */,
				28B633021F71552D00F35212 /* Release */,
			);
			defaultConfigurationIsVisible = 0;
			defaultConfigurationName = Release;
		};
/* End XCConfigurationList section */
	};
	rootObject = 28B632D81F71552D00F35212 /* Project object */;
}
